
Microsoft Visual Studio Solution File, Format Version 12.00
# Visual Studio Version 16
VisualStudioVersion = 16.0.30907.101
MinimumVisualStudioVersion = 10.0.40219.1
Project("{FAE04EC0-301F-11D3-BF4B-00C04F79EFBC}") = "WindowsFormsApp1", "WindowsFormsApp1\WindowsFormsApp1.csproj", "{AC64D692-839E-4E98-81A4-B2D34ACCB239}"
EndProject
Global
	GlobalSection(SolutionConfigurationPlatforms) = preSolution
		Debug|Any CPU = Debug|Any CPU
		Release|Any CPU = Release|Any CPU
	EndGlobalSection
	GlobalSection(ProjectConfigurationPlatforms) = postSolution
		{AC64D692-839E-4E98-81A4-B2D34ACCB239}.Debug|Any CPU.ActiveCfg = Debug|Any CPU
		{AC64D692-839E-4E98-81A4-B2D34ACCB239}.Debug|Any CPU.Build.0 = Debug|Any CPU
		{AC64D692-839E-4E98-81A4-B2D34ACCB239}.Release|Any CPU.ActiveCfg = Release|Any CPU
		{AC64D692-839E-4E98-81A4-B2D34ACCB239}.Release|Any CPU.Build.0 = Release|Any CPU
	EndGlobalSection
	GlobalSection(SolutionProperties) = preSolution
		HideSolutionNode = FALSE
	EndGlobalSection
	GlobalSection(ExtensibilityGlobals) = postSolution
		SolutionGuid = {B9D71912-008D-473D-94DE-58DCB36EBFD8}
	EndGlobalSection
EndGlobal
