
Microsoft Visual Studio Solution File, Format Version 12.00
# Visual Studio Version 16
VisualStudioVersion = 16.0.30907.101
MinimumVisualStudioVersion = 10.0.40219.1
Project("{9A19103F-16F7-4668-BE54-9A1E7A4F7556}") = "LinqEx1", "LinqEx1\LinqEx1.csproj", "{E8ADFF83-CCB2-4BD6-9303-A69F1F3E1320}"
EndProject
Project("{9A19103F-16F7-4668-BE54-9A1E7A4F7556}") = "LinqEx2", "LinqEx2\LinqEx2.csproj", "{E93AA5CA-0A74-4F4F-9D37-644B6AE1BA6B}"
EndProject
Project("{9A19103F-16F7-4668-BE54-9A1E7A4F7556}") = "LinqEx3", "LinqEx3\LinqEx3.csproj", "{4483B85B-6383-4F6D-B10A-CCF9399B4129}"
EndProject
Project("{9A19103F-16F7-4668-BE54-9A1E7A4F7556}") = "LinqEx4", "LinqEx4\LinqEx4.csproj", "{CB808F72-BDFF-4DB3-8C9C-C15956E8E80E}"
EndProject
Project("{9A19103F-16F7-4668-BE54-9A1E7A4F7556}") = "LinqEx5", "LinqEx5\LinqEx5.csproj", "{F3FBF309-C251-4794-A72B-AD9FC0A0A7B2}"
EndProject
Project("{9A19103F-16F7-4668-BE54-9A1E7A4F7556}") = "LinqEx6", "LinqEx6\LinqEx6.csproj", "{68583A51-E82C-416A-8332-AFA7F5BA22FD}"
EndProject
Project("{9A19103F-16F7-4668-BE54-9A1E7A4F7556}") = "LinqEx7", "LinqEx7\LinqEx7.csproj", "{A8B91D95-9189-4ACB-B49A-ADEADCD9802E}"
EndProject
Project("{9A19103F-16F7-4668-BE54-9A1E7A4F7556}") = "LinqEx8", "LinqEx8\LinqEx8.csproj", "{3168C424-A02B-4940-AF46-8C8BAC821342}"
EndProject
Project("{9A19103F-16F7-4668-BE54-9A1E7A4F7556}") = "LinqEx9", "LinqEx9\LinqEx9.csproj", "{F00DFFA1-705C-4B81-9FED-F4D3ED985486}"
EndProject
Project("{9A19103F-16F7-4668-BE54-9A1E7A4F7556}") = "LinqEx10", "LinqEx10\LinqEx10.csproj", "{6DB3C131-06FA-4770-8434-51EA37B88854}"
EndProject
Project("{9A19103F-16F7-4668-BE54-9A1E7A4F7556}") = "LinqEx11", "LinqEx11\LinqEx11.csproj", "{B9AA4F46-A8F0-4C9E-AEEC-F38DC69B99AB}"
EndProject
Project("{9A19103F-16F7-4668-BE54-9A1E7A4F7556}") = "LinqEx12", "LinqEx12\LinqEx12.csproj", "{DBC882B0-E267-4C69-A5FA-3DB966B8B96B}"
EndProject
Project("{FAE04EC0-301F-11D3-BF4B-00C04F79EFBC}") = "LinqEx13", "LinqEx13\LinqEx13.csproj", "{9F2978AC-8677-40EF-86D3-C7819FDB7EDE}"
EndProject
Project("{FAE04EC0-301F-11D3-BF4B-00C04F79EFBC}") = "LinqEx14", "LinqEx14\LinqEx14.csproj", "{A102C4D2-B579-410D-836E-3F73CA68920E}"
EndProject
Project("{FAE04EC0-301F-11D3-BF4B-00C04F79EFBC}") = "LinqEx15", "LinqEx15\LinqEx15.csproj", "{816C6880-14D3-46B8-8F0D-9D7DB85D8278}"
EndProject
Project("{FAE04EC0-301F-11D3-BF4B-00C04F79EFBC}") = "LinqEx16", "LinqEx16\LinqEx16.csproj", "{DB85599C-21B5-4786-B49C-8D6C90448144}"
EndProject
Project("{FAE04EC0-301F-11D3-BF4B-00C04F79EFBC}") = "LinqLIST", "LinqLIST\LinqLIST.csproj", "{0A0BC60C-62C6-4902-907F-A05F83F450B3}"
EndProject
Project("{FAE04EC0-301F-11D3-BF4B-00C04F79EFBC}") = "LinqEx22", "LinqEx22\LinqEx22.csproj", "{3378A0E1-9474-4EDC-8BCC-961179C1ACCF}"
EndProject
Project("{FAE04EC0-301F-11D3-BF4B-00C04F79EFBC}") = "LinqEx23", "LinqEx23\LinqEx23.csproj", "{9672DB24-3A30-47FE-AAAC-AB4AA40C8170}"
EndProject
Project("{FAE04EC0-301F-11D3-BF4B-00C04F79EFBC}") = "LinqEx24", "LinqEx24\LinqEx24.csproj", "{5F20B40B-8A53-4543-BA91-DE6D13683DC5}"
EndProject
Project("{FAE04EC0-301F-11D3-BF4B-00C04F79EFBC}") = "LinqEx25", "LinqEx25\LinqEx25.csproj", "{7042A623-498A-4FC0-9677-12A81457A286}"
EndProject
Project("{FAE04EC0-301F-11D3-BF4B-00C04F79EFBC}") = "LinqEx26", "LinqEx26\LinqEx26.csproj", "{A700C5CD-76DC-4C47-AF5A-1EA41FB571B0}"
EndProject
Project("{FAE04EC0-301F-11D3-BF4B-00C04F79EFBC}") = "LinqEx27", "LinqEx27\LinqEx27.csproj", "{07BB4181-1598-4BFE-B84E-DA3785A7E82B}"
EndProject
Project("{FAE04EC0-301F-11D3-BF4B-00C04F79EFBC}") = "LinqEx28", "LinqEx28\LinqEx28.csproj", "{E3B8A406-5299-482C-BD13-7BA5C0E42F89}"
EndProject
Project("{FAE04EC0-301F-11D3-BF4B-00C04F79EFBC}") = "LinqEx29", "LinqEx29\LinqEx29.csproj", "{2975F45E-660F-44D8-9B09-AB4B3403B745}"
EndProject
Project("{FAE04EC0-301F-11D3-BF4B-00C04F79EFBC}") = "LinqEx30", "LinqEx30\LinqEx30.csproj", "{D64084E9-2481-44E7-9B80-73C26968EEAE}"
EndProject
Global
	GlobalSection(SolutionConfigurationPlatforms) = preSolution
		Debug|Any CPU = Debug|Any CPU
		Release|Any CPU = Release|Any CPU
	EndGlobalSection
	GlobalSection(ProjectConfigurationPlatforms) = postSolution
		{E8ADFF83-CCB2-4BD6-9303-A69F1F3E1320}.Debug|Any CPU.ActiveCfg = Debug|Any CPU
		{E8ADFF83-CCB2-4BD6-9303-A69F1F3E1320}.Debug|Any CPU.Build.0 = Debug|Any CPU
		{E8ADFF83-CCB2-4BD6-9303-A69F1F3E1320}.Release|Any CPU.ActiveCfg = Release|Any CPU
		{E8ADFF83-CCB2-4BD6-9303-A69F1F3E1320}.Release|Any CPU.Build.0 = Release|Any CPU
		{E93AA5CA-0A74-4F4F-9D37-644B6AE1BA6B}.Debug|Any CPU.ActiveCfg = Debug|Any CPU
		{E93AA5CA-0A74-4F4F-9D37-644B6AE1BA6B}.Debug|Any CPU.Build.0 = Debug|Any CPU
		{E93AA5CA-0A74-4F4F-9D37-644B6AE1BA6B}.Release|Any CPU.ActiveCfg = Release|Any CPU
		{E93AA5CA-0A74-4F4F-9D37-644B6AE1BA6B}.Release|Any CPU.Build.0 = Release|Any CPU
		{4483B85B-6383-4F6D-B10A-CCF9399B4129}.Debug|Any CPU.ActiveCfg = Debug|Any CPU
		{4483B85B-6383-4F6D-B10A-CCF9399B4129}.Debug|Any CPU.Build.0 = Debug|Any CPU
		{4483B85B-6383-4F6D-B10A-CCF9399B4129}.Release|Any CPU.ActiveCfg = Release|Any CPU
		{4483B85B-6383-4F6D-B10A-CCF9399B4129}.Release|Any CPU.Build.0 = Release|Any CPU
		{CB808F72-BDFF-4DB3-8C9C-C15956E8E80E}.Debug|Any CPU.ActiveCfg = Debug|Any CPU
		{CB808F72-BDFF-4DB3-8C9C-C15956E8E80E}.Debug|Any CPU.Build.0 = Debug|Any CPU
		{CB808F72-BDFF-4DB3-8C9C-C15956E8E80E}.Release|Any CPU.ActiveCfg = Release|Any CPU
		{CB808F72-BDFF-4DB3-8C9C-C15956E8E80E}.Release|Any CPU.Build.0 = Release|Any CPU
		{F3FBF309-C251-4794-A72B-AD9FC0A0A7B2}.Debug|Any CPU.ActiveCfg = Debug|Any CPU
		{F3FBF309-C251-4794-A72B-AD9FC0A0A7B2}.Debug|Any CPU.Build.0 = Debug|Any CPU
		{F3FBF309-C251-4794-A72B-AD9FC0A0A7B2}.Release|Any CPU.ActiveCfg = Release|Any CPU
		{F3FBF309-C251-4794-A72B-AD9FC0A0A7B2}.Release|Any CPU.Build.0 = Release|Any CPU
		{68583A51-E82C-416A-8332-AFA7F5BA22FD}.Debug|Any CPU.ActiveCfg = Debug|Any CPU
		{68583A51-E82C-416A-8332-AFA7F5BA22FD}.Debug|Any CPU.Build.0 = Debug|Any CPU
		{68583A51-E82C-416A-8332-AFA7F5BA22FD}.Release|Any CPU.ActiveCfg = Release|Any CPU
		{68583A51-E82C-416A-8332-AFA7F5BA22FD}.Release|Any CPU.Build.0 = Release|Any CPU
		{A8B91D95-9189-4ACB-B49A-ADEADCD9802E}.Debug|Any CPU.ActiveCfg = Debug|Any CPU
		{A8B91D95-9189-4ACB-B49A-ADEADCD9802E}.Debug|Any CPU.Build.0 = Debug|Any CPU
		{A8B91D95-9189-4ACB-B49A-ADEADCD9802E}.Release|Any CPU.ActiveCfg = Release|Any CPU
		{A8B91D95-9189-4ACB-B49A-ADEADCD9802E}.Release|Any CPU.Build.0 = Release|Any CPU
		{3168C424-A02B-4940-AF46-8C8BAC821342}.Debug|Any CPU.ActiveCfg = Debug|Any CPU
		{3168C424-A02B-4940-AF46-8C8BAC821342}.Debug|Any CPU.Build.0 = Debug|Any CPU
		{3168C424-A02B-4940-AF46-8C8BAC821342}.Release|Any CPU.ActiveCfg = Release|Any CPU
		{3168C424-A02B-4940-AF46-8C8BAC821342}.Release|Any CPU.Build.0 = Release|Any CPU
		{F00DFFA1-705C-4B81-9FED-F4D3ED985486}.Debug|Any CPU.ActiveCfg = Debug|Any CPU
		{F00DFFA1-705C-4B81-9FED-F4D3ED985486}.Debug|Any CPU.Build.0 = Debug|Any CPU
		{F00DFFA1-705C-4B81-9FED-F4D3ED985486}.Release|Any CPU.ActiveCfg = Release|Any CPU
		{F00DFFA1-705C-4B81-9FED-F4D3ED985486}.Release|Any CPU.Build.0 = Release|Any CPU
		{6DB3C131-06FA-4770-8434-51EA37B88854}.Debug|Any CPU.ActiveCfg = Debug|Any CPU
		{6DB3C131-06FA-4770-8434-51EA37B88854}.Debug|Any CPU.Build.0 = Debug|Any CPU
		{6DB3C131-06FA-4770-8434-51EA37B88854}.Release|Any CPU.ActiveCfg = Release|Any CPU
		{6DB3C131-06FA-4770-8434-51EA37B88854}.Release|Any CPU.Build.0 = Release|Any CPU
		{B9AA4F46-A8F0-4C9E-AEEC-F38DC69B99AB}.Debug|Any CPU.ActiveCfg = Debug|Any CPU
		{B9AA4F46-A8F0-4C9E-AEEC-F38DC69B99AB}.Debug|Any CPU.Build.0 = Debug|Any CPU
		{B9AA4F46-A8F0-4C9E-AEEC-F38DC69B99AB}.Release|Any CPU.ActiveCfg = Release|Any CPU
		{B9AA4F46-A8F0-4C9E-AEEC-F38DC69B99AB}.Release|Any CPU.Build.0 = Release|Any CPU
		{DBC882B0-E267-4C69-A5FA-3DB966B8B96B}.Debug|Any CPU.ActiveCfg = Debug|Any CPU
		{DBC882B0-E267-4C69-A5FA-3DB966B8B96B}.Debug|Any CPU.Build.0 = Debug|Any CPU
		{DBC882B0-E267-4C69-A5FA-3DB966B8B96B}.Release|Any CPU.ActiveCfg = Release|Any CPU
		{DBC882B0-E267-4C69-A5FA-3DB966B8B96B}.Release|Any CPU.Build.0 = Release|Any CPU
		{9F2978AC-8677-40EF-86D3-C7819FDB7EDE}.Debug|Any CPU.ActiveCfg = Debug|Any CPU
		{9F2978AC-8677-40EF-86D3-C7819FDB7EDE}.Debug|Any CPU.Build.0 = Debug|Any CPU
		{9F2978AC-8677-40EF-86D3-C7819FDB7EDE}.Release|Any CPU.ActiveCfg = Release|Any CPU
		{9F2978AC-8677-40EF-86D3-C7819FDB7EDE}.Release|Any CPU.Build.0 = Release|Any CPU
		{A102C4D2-B579-410D-836E-3F73CA68920E}.Debug|Any CPU.ActiveCfg = Debug|Any CPU
		{A102C4D2-B579-410D-836E-3F73CA68920E}.Debug|Any CPU.Build.0 = Debug|Any CPU
		{A102C4D2-B579-410D-836E-3F73CA68920E}.Release|Any CPU.ActiveCfg = Release|Any CPU
		{A102C4D2-B579-410D-836E-3F73CA68920E}.Release|Any CPU.Build.0 = Release|Any CPU
		{816C6880-14D3-46B8-8F0D-9D7DB85D8278}.Debug|Any CPU.ActiveCfg = Debug|Any CPU
		{816C6880-14D3-46B8-8F0D-9D7DB85D8278}.Debug|Any CPU.Build.0 = Debug|Any CPU
		{816C6880-14D3-46B8-8F0D-9D7DB85D8278}.Release|Any CPU.ActiveCfg = Release|Any CPU
		{816C6880-14D3-46B8-8F0D-9D7DB85D8278}.Release|Any CPU.Build.0 = Release|Any CPU
		{DB85599C-21B5-4786-B49C-8D6C90448144}.Debug|Any CPU.ActiveCfg = Debug|Any CPU
		{DB85599C-21B5-4786-B49C-8D6C90448144}.Debug|Any CPU.Build.0 = Debug|Any CPU
		{DB85599C-21B5-4786-B49C-8D6C90448144}.Release|Any CPU.ActiveCfg = Release|Any CPU
		{DB85599C-21B5-4786-B49C-8D6C90448144}.Release|Any CPU.Build.0 = Release|Any CPU
		{0A0BC60C-62C6-4902-907F-A05F83F450B3}.Debug|Any CPU.ActiveCfg = Debug|Any CPU
		{0A0BC60C-62C6-4902-907F-A05F83F450B3}.Debug|Any CPU.Build.0 = Debug|Any CPU
		{0A0BC60C-62C6-4902-907F-A05F83F450B3}.Release|Any CPU.ActiveCfg = Release|Any CPU
		{0A0BC60C-62C6-4902-907F-A05F83F450B3}.Release|Any CPU.Build.0 = Release|Any CPU
		{3378A0E1-9474-4EDC-8BCC-961179C1ACCF}.Debug|Any CPU.ActiveCfg = Debug|Any CPU
		{3378A0E1-9474-4EDC-8BCC-961179C1ACCF}.Debug|Any CPU.Build.0 = Debug|Any CPU
		{3378A0E1-9474-4EDC-8BCC-961179C1ACCF}.Release|Any CPU.ActiveCfg = Release|Any CPU
		{3378A0E1-9474-4EDC-8BCC-961179C1ACCF}.Release|Any CPU.Build.0 = Release|Any CPU
		{9672DB24-3A30-47FE-AAAC-AB4AA40C8170}.Debug|Any CPU.ActiveCfg = Debug|Any CPU
		{9672DB24-3A30-47FE-AAAC-AB4AA40C8170}.Debug|Any CPU.Build.0 = Debug|Any CPU
		{9672DB24-3A30-47FE-AAAC-AB4AA40C8170}.Release|Any CPU.ActiveCfg = Release|Any CPU
		{9672DB24-3A30-47FE-AAAC-AB4AA40C8170}.Release|Any CPU.Build.0 = Release|Any CPU
		{5F20B40B-8A53-4543-BA91-DE6D13683DC5}.Debug|Any CPU.ActiveCfg = Debug|Any CPU
		{5F20B40B-8A53-4543-BA91-DE6D13683DC5}.Debug|Any CPU.Build.0 = Debug|Any CPU
		{5F20B40B-8A53-4543-BA91-DE6D13683DC5}.Release|Any CPU.ActiveCfg = Release|Any CPU
		{5F20B40B-8A53-4543-BA91-DE6D13683DC5}.Release|Any CPU.Build.0 = Release|Any CPU
		{7042A623-498A-4FC0-9677-12A81457A286}.Debug|Any CPU.ActiveCfg = Debug|Any CPU
		{7042A623-498A-4FC0-9677-12A81457A286}.Debug|Any CPU.Build.0 = Debug|Any CPU
		{7042A623-498A-4FC0-9677-12A81457A286}.Release|Any CPU.ActiveCfg = Release|Any CPU
		{7042A623-498A-4FC0-9677-12A81457A286}.Release|Any CPU.Build.0 = Release|Any CPU
		{A700C5CD-76DC-4C47-AF5A-1EA41FB571B0}.Debug|Any CPU.ActiveCfg = Debug|Any CPU
		{A700C5CD-76DC-4C47-AF5A-1EA41FB571B0}.Debug|Any CPU.Build.0 = Debug|Any CPU
		{A700C5CD-76DC-4C47-AF5A-1EA41FB571B0}.Release|Any CPU.ActiveCfg = Release|Any CPU
		{A700C5CD-76DC-4C47-AF5A-1EA41FB571B0}.Release|Any CPU.Build.0 = Release|Any CPU
		{07BB4181-1598-4BFE-B84E-DA3785A7E82B}.Debug|Any CPU.ActiveCfg = Debug|Any CPU
		{07BB4181-1598-4BFE-B84E-DA3785A7E82B}.Debug|Any CPU.Build.0 = Debug|Any CPU
		{07BB4181-1598-4BFE-B84E-DA3785A7E82B}.Release|Any CPU.ActiveCfg = Release|Any CPU
		{07BB4181-1598-4BFE-B84E-DA3785A7E82B}.Release|Any CPU.Build.0 = Release|Any CPU
		{E3B8A406-5299-482C-BD13-7BA5C0E42F89}.Debug|Any CPU.ActiveCfg = Debug|Any CPU
		{E3B8A406-5299-482C-BD13-7BA5C0E42F89}.Debug|Any CPU.Build.0 = Debug|Any CPU
		{E3B8A406-5299-482C-BD13-7BA5C0E42F89}.Release|Any CPU.ActiveCfg = Release|Any CPU
		{E3B8A406-5299-482C-BD13-7BA5C0E42F89}.Release|Any CPU.Build.0 = Release|Any CPU
		{2975F45E-660F-44D8-9B09-AB4B3403B745}.Debug|Any CPU.ActiveCfg = Debug|Any CPU
		{2975F45E-660F-44D8-9B09-AB4B3403B745}.Debug|Any CPU.Build.0 = Debug|Any CPU
		{2975F45E-660F-44D8-9B09-AB4B3403B745}.Release|Any CPU.ActiveCfg = Release|Any CPU
		{2975F45E-660F-44D8-9B09-AB4B3403B745}.Release|Any CPU.Build.0 = Release|Any CPU
		{D64084E9-2481-44E7-9B80-73C26968EEAE}.Debug|Any CPU.ActiveCfg = Debug|Any CPU
		{D64084E9-2481-44E7-9B80-73C26968EEAE}.Debug|Any CPU.Build.0 = Debug|Any CPU
		{D64084E9-2481-44E7-9B80-73C26968EEAE}.Release|Any CPU.ActiveCfg = Release|Any CPU
		{D64084E9-2481-44E7-9B80-73C26968EEAE}.Release|Any CPU.Build.0 = Release|Any CPU
	EndGlobalSection
	GlobalSection(SolutionProperties) = preSolution
		HideSolutionNode = FALSE
	EndGlobalSection
	GlobalSection(ExtensibilityGlobals) = postSolution
		SolutionGuid = {97C71178-8CB8-450D-A6F5-38ACF74F8A72}
	EndGlobalSection
EndGlobal
